// !$*UTF8*$!
{
	archiveVersion = 1;
	classes = {
	};
	objectVersion = 55;
	objects = {

/* Begin PBXBuildFile section */
		4EC3ACEF2809C1A500187C15 /* AppDelegate.swift in Sources */ = {isa = PBXBuildFile; fileRef = 4EC3ACEE2809C1A500187C15 /* AppDelegate.swift */; };
		4EC3ACF12809C1A500187C15 /* SceneDelegate.swift in Sources */ = {isa = PBXBuildFile; fileRef = 4EC3ACF02809C1A500187C15 /* SceneDelegate.swift */; };
		4EC3ACF32809C1A500187C15 /* ViewController.swift in Sources */ = {isa = PBXBuildFile; fileRef = 4EC3ACF22809C1A500187C15 /* ViewController.swift */; };
		4EC3ACF62809C1A500187C15 /* Main.storyboard in Resources */ = {isa = PBXBuildFile; fileRef = 4EC3ACF42809C1A500187C15 /* Main.storyboard */; };
		4EC3ACF82809C1A700187C15 /* Assets.xcassets in Resources */ = {isa = PBXBuildFile; fileRef = 4EC3ACF72809C1A700187C15 /* Assets.xcassets */; };
		4EC3ACFB2809C1A700187C15 /* LaunchScreen.storyboard in Resources */ = {isa = PBXBuildFile; fileRef = 4EC3ACF92809C1A700187C15 /* LaunchScreen.storyboard */; };
		4EC3AD042809C34200187C15 /* SuggestKeyword.swift in Sources */ = {isa = PBXBuildFile; fileRef = 4EC3AD032809C34200187C15 /* SuggestKeyword.swift */; };
		4EC3AD072809C37000187C15 /* AppStore.swift in Sources */ = {isa = PBXBuildFile; fileRef = 4EC3AD062809C37000187C15 /* AppStore.swift */; };
		4EC3AD132809CA7500187C15 /* TinyStore in Frameworks */ = {isa = PBXBuildFile; productRef = 4EC3AD122809CA7500187C15 /* TinyStore */; };
/* End PBXBuildFile section */

/* Begin PBXFileReference section */
		4EC3ACEB2809C1A500187C15 /* SearchYoutubeUIKit.app */ = {isa = PBXFileReference; explicitFileType = wrapper.application; includeInIndex = 0; path = SearchYoutubeUIKit.app; sourceTree = BUILT_PRODUCTS_DIR; };
		4EC3ACEE2809C1A500187C15 /* AppDelegate.swift */ = {isa = PBXFileReference; lastKnownFileType = sourcecode.swift; path = AppDelegate.swift; sourceTree = "<group>"; };
		4EC3ACF02809C1A500187C15 /* SceneDelegate.swift */ = {isa = PBXFileReference; lastKnownFileType = sourcecode.swift; path = SceneDelegate.swift; sourceTree = "<group>"; };
		4EC3ACF22809C1A500187C15 /* ViewController.swift */ = {isa = PBXFileReference; lastKnownFileType = sourcecode.swift; path = ViewController.swift; sourceTree = "<group>"; };
		4EC3ACF52809C1A500187C15 /* Base */ = {isa = PBXFileReference; lastKnownFileType = file.storyboard; name = Base; path = Base.lproj/Main.storyboard; sourceTree = "<group>"; };
		4EC3ACF72809C1A700187C15 /* Assets.xcassets */ = {isa = PBXFileReference; lastKnownFileType = folder.assetcatalog; path = Assets.xcassets; sourceTree = "<group>"; };
		4EC3ACFA2809C1A700187C15 /* Base */ = {isa = PBXFileReference; lastKnownFileType = file.storyboard; name = Base; path = Base.lproj/LaunchScreen.storyboard; sourceTree = "<group>"; };
		4EC3ACFC2809C1A700187C15 /* Info.plist */ = {isa = PBXFileReference; lastKnownFileType = text.plist.xml; path = Info.plist; sourceTree = "<group>"; };
		4EC3AD032809C34200187C15 /* SuggestKeyword.swift */ = {isa = PBXFileReference; lastKnownFileType = sourcecode.swift; path = SuggestKeyword.swift; sourceTree = "<group>"; };
		4EC3AD062809C37000187C15 /* AppStore.swift */ = {isa = PBXFileReference; lastKnownFileType = sourcecode.swift; path = AppStore.swift; sourceTree = "<group>"; };
/* End PBXFileReference section */

/* Begin PBXFrameworksBuildPhase section */
		4EC3ACE82809C1A500187C15 /* Frameworks */ = {
			isa = PBXFrameworksBuildPhase;
			buildActionMask = 2147483647;
			files = (
				4EC3AD132809CA7500187C15 /* TinyStore in Frameworks */,
			);
			runOnlyForDeploymentPostprocessing = 0;
		};
/* End PBXFrameworksBuildPhase section */

/* Begin PBXGroup section */
		4EC3ACE22809C1A500187C15 = {
			isa = PBXGroup;
			children = (
				4EC3ACED2809C1A500187C15 /* SearchYoutubeUIKit */,
				4EC3ACEC2809C1A500187C15 /* Products */,
			);
			sourceTree = "<group>";
		};
		4EC3ACEC2809C1A500187C15 /* Products */ = {
			isa = PBXGroup;
			children = (
				4EC3ACEB2809C1A500187C15 /* SearchYoutubeUIKit.app */,
			);
			name = Products;
			sourceTree = "<group>";
		};
		4EC3ACED2809C1A500187C15 /* SearchYoutubeUIKit */ = {
			isa = PBXGroup;
			children = (
				4EC3AD022809C32E00187C15 /* Model */,
				4EC3AD052809C35F00187C15 /* Store */,
				4EC3ACEE2809C1A500187C15 /* AppDelegate.swift */,
				4EC3ACF02809C1A500187C15 /* SceneDelegate.swift */,
				4EC3ACF22809C1A500187C15 /* ViewController.swift */,
				4EC3ACF42809C1A500187C15 /* Main.storyboard */,
				4EC3ACF72809C1A700187C15 /* Assets.xcassets */,
				4EC3ACF92809C1A700187C15 /* LaunchScreen.storyboard */,
				4EC3ACFC2809C1A700187C15 /* Info.plist */,
			);
			path = SearchYoutubeUIKit;
			sourceTree = "<group>";
		};
		4EC3AD022809C32E00187C15 /* Model */ = {
			isa = PBXGroup;
			children = (
				4EC3AD032809C34200187C15 /* SuggestKeyword.swift */,
			);
			path = Model;
			sourceTree = "<group>";
		};
		4EC3AD052809C35F00187C15 /* Store */ = {
			isa = PBXGroup;
			children = (
				4EC3AD062809C37000187C15 /* AppStore.swift */,
			);
			path = Store;
			sourceTree = "<group>";
		};
/* End PBXGroup section */

/* Begin PBXNativeTarget section */
		4EC3ACEA2809C1A500187C15 /* SearchYoutubeUIKit */ = {
			isa = PBXNativeTarget;
			buildConfigurationList = 4EC3ACFF2809C1A700187C15 /* Build configuration list for PBXNativeTarget "SearchYoutubeUIKit" */;
			buildPhases = (
				4EC3ACE72809C1A500187C15 /* Sources */,
				4EC3ACE82809C1A500187C15 /* Frameworks */,
				4EC3ACE92809C1A500187C15 /* Resources */,
			);
			buildRules = (
			);
			dependencies = (
			);
			name = SearchYoutubeUIKit;
			packageProductDependencies = (
				4EC3AD122809CA7500187C15 /* TinyStore */,
			);
			productName = SearchYoutubeUIKit;
			productReference = 4EC3ACEB2809C1A500187C15 /* SearchYoutubeUIKit.app */;
			productType = "com.apple.product-type.application";
		};
/* End PBXNativeTarget section */

/* Begin PBXProject section */
		4EC3ACE32809C1A500187C15 /* Project object */ = {
			isa = PBXProject;
			attributes = {
				BuildIndependentTargetsInParallel = 1;
				LastSwiftUpdateCheck = 1330;
				LastUpgradeCheck = 1330;
				TargetAttributes = {
					4EC3ACEA2809C1A500187C15 = {
						CreatedOnToolsVersion = 13.3;
					};
				};
			};
			buildConfigurationList = 4EC3ACE62809C1A500187C15 /* Build configuration list for PBXProject "SearchYoutubeUIKit" */;
			compatibilityVersion = "Xcode 13.0";
			developmentRegion = en;
			hasScannedForEncodings = 0;
			knownRegions = (
				en,
				Base,
			);
			mainGroup = 4EC3ACE22809C1A500187C15;
			packageReferences = (
				4EC3AD112809CA7500187C15 /* XCRemoteSwiftPackageReference "TinyStore" */,
			);
			productRefGroup = 4EC3ACEC2809C1A500187C15 /* Products */;
			projectDirPath = "";
			projectRoot = "";
			targets = (
				4EC3ACEA2809C1A500187C15 /* SearchYoutubeUIKit */,
			);
		};
/* End PBXProject section */

/* Begin PBXResourcesBuildPhase section */
		4EC3ACE92809C1A500187C15 /* Resources */ = {
			isa = PBXResourcesBuildPhase;
			buildActionMask = 2147483647;
			files = (
				4EC3ACFB2809C1A700187C15 /* LaunchScreen.storyboard in Resources */,
				4EC3ACF82809C1A700187C15 /* Assets.xcassets in Resources */,
				4EC3ACF62809C1A500187C15 /* Main.storyboard in Resources */,
			);
			runOnlyForDeploymentPostprocessing = 0;
		};
/* End PBXResourcesBuildPhase section */

/* Begin PBXSourcesBuildPhase section */
		4EC3ACE72809C1A500187C15 /* Sources */ = {
			isa = PBXSourcesBuildPhase;
			buildActionMask = 2147483647;
			files = (
				4EC3ACF32809C1A500187C15 /* ViewController.swift in Sources */,
				4EC3AD072809C37000187C15 /* AppStore.swift in Sources */,
				4EC3ACEF2809C1A500187C15 /* AppDelegate.swift in Sources */,
				4EC3AD042809C34200187C15 /* SuggestKeyword.swift in Sources */,
				4EC3ACF12809C1A500187C15 /* SceneDelegate.swift in Sources */,
			);
			runOnlyForDeploymentPostprocessing = 0;
		};
/* End PBXSourcesBuildPhase section */

/* Begin PBXVariantGroup section */
		4EC3ACF42809C1A500187C15 /* Main.storyboard */ = {
			isa = PBXVariantGroup;
			children = (
				4EC3ACF52809C1A500187C15 /* Base */,
			);
			name = Main.storyboard;
			sourceTree = "<group>";
		};
		4EC3ACF92809C1A700187C15 /* LaunchScreen.storyboard */ = {
			isa = PBXVariantGroup;
			children = (
				4EC3ACFA2809C1A700187C15 /* Base */,
			);
			name = LaunchScreen.storyboard;
			sourceTree = "<group>";
		};
/* End PBXVariantGroup section */

/* Begin XCBuildConfiguration section */
		4EC3ACFD2809C1A700187C15 /* Debug */ = {
			isa = XCBuildConfiguration;
			buildSettings = {
				ALWAYS_SEARCH_USER_PATHS = NO;
				CLANG_ANALYZER_NONNULL = YES;
				CLANG_ANALYZER_NUMBER_OBJECT_CONVERSION = YES_AGGRESSIVE;
				CLANG_CXX_LANGUAGE_STANDARD = "gnu++17";
				CLANG_ENABLE_MODULES = YES;
				CLANG_ENABLE_OBJC_ARC = YES;
				CLANG_ENABLE_OBJC_WEAK = YES;
				CLANG_WARN_BLOCK_CAPTURE_AUTORELEASING = YES;
				CLANG_WARN_BOOL_CONVERSION = YES;
				CLANG_WARN_COMMA = YES;
				CLANG_WARN_CONSTANT_CONVERSION = YES;
				CLANG_WARN_DEPRECATED_OBJC_IMPLEMENTATIONS = YES;
				CLANG_WARN_DIRECT_OBJC_ISA_USAGE = YES_ERROR;
				CLANG_WARN_DOCUMENTATION_COMMENTS = YES;
				CLANG_WARN_EMPTY_BODY = YES;
				CLANG_WARN_ENUM_CONVERSION = YES;
				CLANG_WARN_INFINITE_RECURSION = YES;
				CLANG_WARN_INT_CONVERSION = YES;
				CLANG_WARN_NON_LITERAL_NULL_CONVERSION = YES;
				CLANG_WARN_OBJC_IMPLICIT_RETAIN_SELF = YES;
				CLANG_WARN_OBJC_LITERAL_CONVERSION = YES;
				CLANG_WARN_OBJC_ROOT_CLASS = YES_ERROR;
				CLANG_WARN_QUOTED_INCLUDE_IN_FRAMEWORK_HEADER = YES;
				CLANG_WARN_RANGE_LOOP_ANALYSIS = YES;
				CLANG_WARN_STRICT_PROTOTYPES = YES;
				CLANG_WARN_SUSPICIOUS_MOVE = YES;
				CLANG_WARN_UNGUARDED_AVAILABILITY = YES_AGGRESSIVE;
				CLANG_WARN_UNREACHABLE_CODE = YES;
				CLANG_WARN__DUPLICATE_METHOD_MATCH = YES;
				COPY_PHASE_STRIP = NO;
				DEBUG_INFORMATION_FORMAT = dwarf;
				ENABLE_STRICT_OBJC_MSGSEND = YES;
				ENABLE_TESTABILITY = YES;
				GCC_C_LANGUAGE_STANDARD = gnu11;
				GCC_DYNAMIC_NO_PIC = NO;
				GCC_NO_COMMON_BLOCKS = YES;
				GCC_OPTIMIZATION_LEVEL = 0;
				GCC_PREPROCESSOR_DEFINITIONS = (
					"DEBUG=1",
					"$(inherited)",
				);
				GCC_WARN_64_TO_32_BIT_CONVERSION = YES;
				GCC_WARN_ABOUT_RETURN_TYPE = YES_ERROR;
				GCC_WARN_UNDECLARED_SELECTOR = YES;
				GCC_WARN_UNINITIALIZED_AUTOS = YES_AGGRESSIVE;
				GCC_WARN_UNUSED_FUNCTION = YES;
				GCC_WARN_UNUSED_VARIABLE = YES;
				IPHONEOS_DEPLOYMENT_TARGET = 15.4;
				MTL_ENABLE_DEBUG_INFO = INCLUDE_SOURCE;
				MTL_FAST_MATH = YES;
				ONLY_ACTIVE_ARCH = YES;
				SDKROOT = iphoneos;
				SWIFT_ACTIVE_COMPILATION_CONDITIONS = DEBUG;
				SWIFT_OPTIMIZATION_LEVEL = "-Onone";
			};
			name = Debug;
		};
		4EC3ACFE2809C1A700187C15 /* Release */ = {
			isa = XCBuildConfiguration;
			buildSettings = {
				ALWAYS_SEARCH_USER_PATHS = NO;
				CLANG_ANALYZER_NONNULL = YES;
				CLANG_ANALYZER_NUMBER_OBJECT_CONVERSION = YES_AGGRESSIVE;
				CLANG_CXX_LANGUAGE_STANDARD = "gnu++17";
				CLANG_ENABLE_MODULES = YES;
				CLANG_ENABLE_OBJC_ARC = YES;
				CLANG_ENABLE_OBJC_WEAK = YES;
				CLANG_WARN_BLOCK_CAPTURE_AUTORELEASING = YES;
				CLANG_WARN_BOOL_CONVERSION = YES;
				CLANG_WARN_COMMA = YES;
				CLANG_WARN_CONSTANT_CONVERSION = YES;
				CLANG_WARN_DEPRECATED_OBJC_IMPLEMENTATIONS = YES;
				CLANG_WARN_DIRECT_OBJC_ISA_USAGE = YES_ERROR;
				CLANG_WARN_DOCUMENTATION_COMMENTS = YES;
				CLANG_WARN_EMPTY_BODY = YES;
				CLANG_WARN_ENUM_CONVERSION = YES;
				CLANG_WARN_INFINITE_RECURSION = YES;
				CLANG_WARN_INT_CONVERSION = YES;
				CLANG_WARN_NON_LITERAL_NULL_CONVERSION = YES;
				CLANG_WARN_OBJC_IMPLICIT_RETAIN_SELF = YES;
				CLANG_WARN_OBJC_LITERAL_CONVERSION = YES;
				CLANG_WARN_OBJC_ROOT_CLASS = YES_ERROR;
				CLANG_WARN_QUOTED_INCLUDE_IN_FRAMEWORK_HEADER = YES;
				CLANG_WARN_RANGE_LOOP_ANALYSIS = YES;
				CLANG_WARN_STRICT_PROTOTYPES = YES;
				CLANG_WARN_SUSPICIOUS_MOVE = YES;
				CLANG_WARN_UNGUARDED_AVAILABILITY = YES_AGGRESSIVE;
				CLANG_WARN_UNREACHABLE_CODE = YES;
				CLANG_WARN__DUPLICATE_METHOD_MATCH = YES;
				COPY_PHASE_STRIP = NO;
				DEBUG_INFORMATION_FORMAT = "dwarf-with-dsym";
				ENABLE_NS_ASSERTIONS = NO;
				ENABLE_STRICT_OBJC_MSGSEND = YES;
				GCC_C_LANGUAGE_STANDARD = gnu11;
				GCC_NO_COMMON_BLOCKS = YES;
				GCC_WARN_64_TO_32_BIT_CONVERSION = YES;
				GCC_WARN_ABOUT_RETURN_TYPE = YES_ERROR;
				GCC_WARN_UNDECLARED_SELECTOR = YES;
				GCC_WARN_UNINITIALIZED_AUTOS = YES_AGGRESSIVE;
				GCC_WARN_UNUSED_FUNCTION = YES;
				GCC_WARN_UNUSED_VARIABLE = YES;
				IPHONEOS_DEPLOYMENT_TARGET = 15.4;
				MTL_ENABLE_DEBUG_INFO = NO;
				MTL_FAST_MATH = YES;
				SDKROOT = iphoneos;
				SWIFT_COMPILATION_MODE = wholemodule;
				SWIFT_OPTIMIZATION_LEVEL = "-O";
				VALIDATE_PRODUCT = YES;
			};
			name = Release;
		};
		4EC3AD002809C1A700187C15 /* Debug */ = {
			isa = XCBuildConfiguration;
			buildSettings = {
				ASSETCATALOG_COMPILER_APPICON_NAME = AppIcon;
				ASSETCATALOG_COMPILER_GLOBAL_ACCENT_COLOR_NAME = AccentColor;
				CODE_SIGN_STYLE = Automatic;
				CURRENT_PROJECT_VERSION = 1;
				DEVELOPMENT_TEAM = F2YX27TG52;
				GENERATE_INFOPLIST_FILE = YES;
				INFOPLIST_FILE = SearchYoutubeUIKit/Info.plist;
				INFOPLIST_KEY_UIApplicationSupportsIndirectInputEvents = YES;
				INFOPLIST_KEY_UILaunchStoryboardName = LaunchScreen;
				INFOPLIST_KEY_UIMainStoryboardFile = Main;
				INFOPLIST_KEY_UISupportedInterfaceOrientations_iPad = "UIInterfaceOrientationPortrait UIInterfaceOrientationPortraitUpsideDown UIInterfaceOrientationLandscapeLeft UIInterfaceOrientationLandscapeRight";
				INFOPLIST_KEY_UISupportedInterfaceOrientations_iPhone = "UIInterfaceOrientationPortrait UIInterfaceOrientationLandscapeLeft UIInterfaceOrientationLandscapeRight";
				LD_RUNPATH_SEARCH_PATHS = (
					"$(inherited)",
					"@executable_path/Frameworks",
				);
				MARKETING_VERSION = 1.0;
				PRODUCT_BUNDLE_IDENTIFIER = com.github.skyfe79.SearchYoutubeUIKit;
				PRODUCT_NAME = "$(TARGET_NAME)";
				SWIFT_EMIT_LOC_STRINGS = YES;
				SWIFT_VERSION = 5.0;
				TARGETED_DEVICE_FAMILY = "1,2";
			};
			name = Debug;
		};
		4EC3AD012809C1A700187C15 /* Release */ = {
			isa = XCBuildConfiguration;
			buildSettings = {
				ASSETCATALOG_COMPILER_APPICON_NAME = AppIcon;
				ASSETCATALOG_COMPILER_GLOBAL_ACCENT_COLOR_NAME = AccentColor;
				CODE_SIGN_STYLE = Automatic;
				CURRENT_PROJECT_VERSION = 1;
				DEVELOPMENT_TEAM = F2YX27TG52;
				GENERATE_INFOPLIST_FILE = YES;
				INFOPLIST_FILE = SearchYoutubeUIKit/Info.plist;
				INFOPLIST_KEY_UIApplicationSupportsIndirectInputEvents = YES;
				INFOPLIST_KEY_UILaunchStoryboardName = LaunchScreen;
				INFOPLIST_KEY_UIMainStoryboardFile = Main;
				INFOPLIST_KEY_UISupportedInterfaceOrientations_iPad = "UIInterfaceOrientationPortrait UIInterfaceOrientationPortraitUpsideDown UIInterfaceOrientationLandscapeLeft UIInterfaceOrientationLandscapeRight";
				INFOPLIST_KEY_UISupportedInterfaceOrientations_iPhone = "UIInterfaceOrientationPortrait UIInterfaceOrientationLandscapeLeft UIInterfaceOrientationLandscapeRight";
				LD_RUNPATH_SEARCH_PATHS = (
					"$(inherited)",
					"@executable_path/Frameworks",
				);
				MARKETING_VERSION = 1.0;
				PRODUCT_BUNDLE_IDENTIFIER = com.github.skyfe79.SearchYoutubeUIKit;
				PRODUCT_NAME = "$(TARGET_NAME)";
				SWIFT_EMIT_LOC_STRINGS = YES;
				SWIFT_VERSION = 5.0;
				TARGETED_DEVICE_FAMILY = "1,2";
			};
			name = Release;
		};
/* End XCBuildConfiguration section */

/* Begin XCConfigurationList section */
		4EC3ACE62809C1A500187C15 /* Build configuration list for PBXProject "SearchYoutubeUIKit" */ = {
			isa = XCConfigurationList;
			buildConfigurations = (
				4EC3ACFD2809C1A700187C15 /* Debug */,
				4EC3ACFE2809C1A700187C15 /* Release */,
			);
			defaultConfigurationIsVisible = 0;
			defaultConfigurationName = Release;
		};
		4EC3ACFF2809C1A700187C15 /* Build configuration list for PBXNativeTarget "SearchYoutubeUIKit" */ = {
			isa = XCConfigurationList;
			buildConfigurations = (
				4EC3AD002809C1A700187C15 /* Debug */,
				4EC3AD012809C1A700187C15 /* Release */,
			);
			defaultConfigurationIsVisible = 0;
			defaultConfigurationName = Release;
		};
/* End XCConfigurationList section */

/* Begin XCRemoteSwiftPackageReference section */
		4EC3AD112809CA7500187C15 /* XCRemoteSwiftPackageReference "TinyStore" */ = {
			isa = XCRemoteSwiftPackageReference;
			repositoryURL = "git@github.com:ReactComponentKit/TinyStore.git";
			requirement = {
				kind = upToNextMajorVersion;
				minimumVersion = 0.0.1;
			};
		};
/* End XCRemoteSwiftPackageReference section */

/* Begin XCSwiftPackageProductDependency section */
		4EC3AD122809CA7500187C15 /* TinyStore */ = {
			isa = XCSwiftPackageProductDependency;
			package = 4EC3AD112809CA7500187C15 /* XCRemoteSwiftPackageReference "TinyStore" */;
			productName = TinyStore;
		};
/* End XCSwiftPackageProductDependency section */
	};
	rootObject = 4EC3ACE32809C1A500187C15 /* Project object */;
}
