{
  "pins" : [
    {
      "identity" : "listkit",
      "kind" : "remoteSourceControl",
      "location" : "https://github.com/ReactComponentKit/ListKit.git",
      "state" : {
        "revision" : "d484aec496b095bc8d63db52e9e54f35cc42ba9e",
        "version" : "1.1.1"
      }
    },
    {
      "identity" : "snapkit",
      "kind" : "remoteSourceControl",
      "location" : "git@github.com:SnapKit/SnapKit.git",
      "state" : {
        "revision" : "f222cbdf325885926566172f6f5f06af95473158",
        "version" : "5.6.0"
      }
    },
    {
      "identity" : "tinystore",
      "kind" : "remoteSourceControl",
      "location" : "git@github.com:ReactComponentKit/TinyStore.git",
      "state" : {
        "revision" : "37608f78a0189ea82f2932de6acf3268fe037223",
        "version" : "0.0.3"
      }
    }
  ],
  "version" : 2
}
