{
  "pins" : [
    {
      "identity" : "tinystore",
      "kind" : "remoteSourceControl",
      "location" : "git@github.com:ReactComponentKit/TinyStore.git",
      "state" : {
        "revision" : "f40a071bade5bbc5f798dce7cd5ce98382a09c70",
        "version" : "0.0.4"
      }
    }
  ],
  "version" : 2
}
